{
  "version": 4,
  "terraform_version": "1.9.8",
  "serial": 155,
  "lineage": "1e2be186-28d7-f067-30f9-83fe82df5dbe",
  "outputs": {
    "instance_details": {
      "value": {
        "instance_id": "i-089683f174d2db59f",
        "instance_name": "PublicInstance",
        "instance_private_ip": "10.0.1.228",
        "instance_public_ip": "3.222.116.112",
        "security_group_id": [
          "sg-0158ce20ab561469a"
        ],
        "subnet_id": "subnet-02e47e6034213a5d4"
      },
      "type": [
        "object",
        {
          "instance_id": "string",
          "instance_name": "string",
          "instance_private_ip": "string",
          "instance_public_ip": "string",
          "security_group_id": [
            "set",
            "string"
          ],
          "subnet_id": "string"
        }
      ]
    }
  },
  "resources": [
    {
      "mode": "managed",
      "type": "aws_instance",
      "name": "public_instance",
      "provider": "provider[\"registry.terraform.io/hashicorp/aws\"]",
      "instances": [
        {
          "schema_version": 1,
          "attributes": {
            "ami": "ami-0866a3c8686eaeeba",
            "arn": "arn:aws:ec2:us-east-1:418272795427:instance/i-089683f174d2db59f",
            "associate_public_ip_address": true,
            "availability_zone": "us-east-1a",
            "capacity_reservation_specification": [
              {
                "capacity_reservation_preference": "open",
                "capacity_reservation_target": []
              }
            ],
            "cpu_core_count": 1,
            "cpu_options": [
              {
                "amd_sev_snp": "",
                "core_count": 1,
                "threads_per_core": 1
              }
            ],
            "cpu_threads_per_core": 1,
            "credit_specification": [
              {
                "cpu_credits": "standard"
              }
            ],
            "disable_api_stop": false,
            "disable_api_termination": false,
            "ebs_block_device": [],
            "ebs_optimized": false,
            "enclave_options": [
              {
                "enabled": false
              }
            ],
            "ephemeral_block_device": [],
            "get_password_data": false,
            "hibernation": false,
            "host_id": "",
            "host_resource_group_arn": null,
            "iam_instance_profile": "",
            "id": "i-089683f174d2db59f",
            "instance_initiated_shutdown_behavior": "stop",
            "instance_lifecycle": "",
            "instance_market_options": [],
            "instance_state": "running",
            "instance_type": "t2.micro",
            "ipv6_address_count": 0,
            "ipv6_addresses": [],
            "key_name": "deployer_key",
            "launch_template": [],
            "maintenance_options": [
              {
                "auto_recovery": "default"
              }
            ],
            "metadata_options": [
              {
                "http_endpoint": "enabled",
                "http_protocol_ipv6": "disabled",
                "http_put_response_hop_limit": 2,
                "http_tokens": "required",
                "instance_metadata_tags": "disabled"
              }
            ],
            "monitoring": false,
            "network_interface": [],
            "outpost_arn": "",
            "password_data": "",
            "placement_group": "",
            "placement_partition_number": 0,
            "primary_network_interface_id": "eni-01a074aa84f2209c7",
            "private_dns": "ip-10-0-1-228.ec2.internal",
            "private_dns_name_options": [
              {
                "enable_resource_name_dns_a_record": false,
                "enable_resource_name_dns_aaaa_record": false,
                "hostname_type": "ip-name"
              }
            ],
            "private_ip": "10.0.1.228",
            "public_dns": "ec2-3-222-116-112.compute-1.amazonaws.com",
            "public_ip": "3.222.116.112",
            "root_block_device": [
              {
                "delete_on_termination": true,
                "device_name": "/dev/sda1",
                "encrypted": false,
                "iops": 3000,
                "kms_key_id": "",
                "tags": {},
                "tags_all": {},
                "throughput": 125,
                "volume_id": "vol-0ba982464cc637ca0",
                "volume_size": 8,
                "volume_type": "gp3"
              }
            ],
            "secondary_private_ips": [],
            "security_groups": [],
            "source_dest_check": true,
            "spot_instance_request_id": "",
            "subnet_id": "subnet-02e47e6034213a5d4",
            "tags": {
              "Name": "PublicInstance"
            },
            "tags_all": {
              "Name": "PublicInstance"
            },
            "tenancy": "default",
            "timeouts": null,
            "user_data": "5862384666359fd0af86394ff4a1625e94804b33",
            "user_data_base64": null,
            "user_data_replace_on_change": false,
            "volume_tags": null,
            "vpc_security_group_ids": [
              "sg-0158ce20ab561469a"
            ]
          },
          "sensitive_attributes": [],
          "private": "eyJlMmJmYjczMC1lY2FhLTExZTYtOGY4OC0zNDM2M2JjN2M0YzAiOnsiY3JlYXRlIjo2MDAwMDAwMDAwMDAsImRlbGV0ZSI6MTIwMDAwMDAwMDAwMCwicmVhZCI6OTAwMDAwMDAwMDAwLCJ1cGRhdGUiOjYwMDAwMDAwMDAwMH0sInNjaGVtYV92ZXJzaW9uIjoiMSJ9",
          "dependencies": [
            "aws_key_pair.deployer_key",
            "aws_security_group.web_sg",
            "aws_subnet.public_subnet_1",
            "aws_vpc.tp_cloud_devops_vpc",
            "tls_private_key.example_ssh_key"
          ]
        }
      ]
    },
    {
      "mode": "managed",
      "type": "aws_internet_gateway",
      "name": "main_gateway",
      "provider": "provider[\"registry.terraform.io/hashicorp/aws\"]",
      "instances": [
        {
          "schema_version": 0,
          "attributes": {
            "arn": "arn:aws:ec2:us-east-1:418272795427:internet-gateway/igw-067b94a6b7ee655bf",
            "id": "igw-067b94a6b7ee655bf",
            "owner_id": "418272795427",
            "tags": {
              "Name": "MainInternetGateway"
            },
            "tags_all": {
              "Name": "MainInternetGateway"
            },
            "timeouts": null,
            "vpc_id": "vpc-006d2a1a1d005821d"
          },
          "sensitive_attributes": [],
          "private": "eyJlMmJmYjczMC1lY2FhLTExZTYtOGY4OC0zNDM2M2JjN2M0YzAiOnsiY3JlYXRlIjoxMjAwMDAwMDAwMDAwLCJkZWxldGUiOjEyMDAwMDAwMDAwMDAsInVwZGF0ZSI6MTIwMDAwMDAwMDAwMH19",
          "dependencies": [
            "aws_vpc.tp_cloud_devops_vpc"
          ]
        }
      ]
    },
    {
      "mode": "managed",
      "type": "aws_key_pair",
      "name": "deployer_key",
      "provider": "provider[\"registry.terraform.io/hashicorp/aws\"]",
      "instances": [
        {
          "schema_version": 1,
          "attributes": {
            "arn": "arn:aws:ec2:us-east-1:418272795427:key-pair/deployer_key",
            "fingerprint": "b1:9b:64:ed:50:6e:8b:07:34:ab:95:38:4c:8d:01:49",
            "id": "deployer_key",
            "key_name": "deployer_key",
            "key_name_prefix": "",
            "key_pair_id": "key-0adeeefab2041fb2e",
            "key_type": "rsa",
            "public_key": "ssh-rsa AAAAB3NzaC1yc2EAAAADAQABAAABAQDTmY1QTHdDHj/2PUfF9lc/oO8uHg/nXdoqiqZyJPpnGnhBqGHuzMqVRBPmE470HHj6WRcaWZ9lZ7VCAO9ys1HVHy+qstdBzKT4waghzAW+FuZlSk7T2QhxPt25yjvSZBXxno0NnZ8+3cu4g9cdcOC3Q6xpJzIk+zzr8cIAfFYk9Qztb/uVbHKkWstR6mj+aSTlNUYkbr6i0CZRmr1DH44cC+kjLzmFJngeiMn7qI2FZQTH0ZdC+HeJOcjmRzP7qZw/9EJqh/D2bAVcXIe7WRwgD3R/jmpeUhZno1KCBqB/4I3MxS0E20aoKGAKay+cAAhWYeUY8UyQNJPTyY5Xo2mp",
            "tags": null,
            "tags_all": {}
          },
          "sensitive_attributes": [],
          "private": "eyJzY2hlbWFfdmVyc2lvbiI6IjEifQ==",
          "dependencies": [
            "tls_private_key.example_ssh_key"
          ]
        }
      ]
    },
    {
      "mode": "managed",
      "type": "aws_route_table",
      "name": "public_route_table",
      "provider": "provider[\"registry.terraform.io/hashicorp/aws\"]",
      "instances": [
        {
          "schema_version": 0,
          "attributes": {
            "arn": "arn:aws:ec2:us-east-1:418272795427:route-table/rtb-0b46aeaffd1da2d2d",
            "id": "rtb-0b46aeaffd1da2d2d",
            "owner_id": "418272795427",
            "propagating_vgws": [],
            "route": [
              {
                "carrier_gateway_id": "",
                "cidr_block": "0.0.0.0/0",
                "core_network_arn": "",
                "destination_prefix_list_id": "",
                "egress_only_gateway_id": "",
                "gateway_id": "igw-067b94a6b7ee655bf",
                "ipv6_cidr_block": "",
                "local_gateway_id": "",
                "nat_gateway_id": "",
                "network_interface_id": "",
                "transit_gateway_id": "",
                "vpc_endpoint_id": "",
                "vpc_peering_connection_id": ""
              }
            ],
            "tags": {
              "Name": "PublicRouteTable"
            },
            "tags_all": {
              "Name": "PublicRouteTable"
            },
            "timeouts": null,
            "vpc_id": "vpc-006d2a1a1d005821d"
          },
          "sensitive_attributes": [],
          "private": "eyJlMmJmYjczMC1lY2FhLTExZTYtOGY4OC0zNDM2M2JjN2M0YzAiOnsiY3JlYXRlIjozMDAwMDAwMDAwMDAsImRlbGV0ZSI6MzAwMDAwMDAwMDAwLCJ1cGRhdGUiOjEyMDAwMDAwMDAwMH19",
          "dependencies": [
            "aws_internet_gateway.main_gateway",
            "aws_vpc.tp_cloud_devops_vpc"
          ]
        }
      ]
    },
    {
      "mode": "managed",
      "type": "aws_route_table_association",
      "name": "public_rta1",
      "provider": "provider[\"registry.terraform.io/hashicorp/aws\"]",
      "instances": [
        {
          "schema_version": 0,
          "attributes": {
            "gateway_id": "",
            "id": "rtbassoc-095772fb80526a4a3",
            "route_table_id": "rtb-0b46aeaffd1da2d2d",
            "subnet_id": "subnet-02e47e6034213a5d4",
            "timeouts": null
          },
          "sensitive_attributes": [],
          "private": "eyJlMmJmYjczMC1lY2FhLTExZTYtOGY4OC0zNDM2M2JjN2M0YzAiOnsiY3JlYXRlIjozMDAwMDAwMDAwMDAsImRlbGV0ZSI6MzAwMDAwMDAwMDAwLCJ1cGRhdGUiOjEyMDAwMDAwMDAwMH19",
          "dependencies": [
            "aws_internet_gateway.main_gateway",
            "aws_route_table.public_route_table",
            "aws_subnet.public_subnet_1",
            "aws_vpc.tp_cloud_devops_vpc"
          ]
        }
      ]
    },
    {
      "mode": "managed",
      "type": "aws_route_table_association",
      "name": "public_rta2",
      "provider": "provider[\"registry.terraform.io/hashicorp/aws\"]",
      "instances": [
        {
          "schema_version": 0,
          "attributes": {
            "gateway_id": "",
            "id": "rtbassoc-09e2ebfc71f3cefb2",
            "route_table_id": "rtb-0b46aeaffd1da2d2d",
            "subnet_id": "subnet-04cecf597da7aba5a",
            "timeouts": null
          },
          "sensitive_attributes": [],
          "private": "eyJlMmJmYjczMC1lY2FhLTExZTYtOGY4OC0zNDM2M2JjN2M0YzAiOnsiY3JlYXRlIjozMDAwMDAwMDAwMDAsImRlbGV0ZSI6MzAwMDAwMDAwMDAwLCJ1cGRhdGUiOjEyMDAwMDAwMDAwMH19",
          "dependencies": [
            "aws_internet_gateway.main_gateway",
            "aws_route_table.public_route_table",
            "aws_subnet.public_subnet_2",
            "aws_vpc.tp_cloud_devops_vpc"
          ]
        }
      ]
    },
    {
      "mode": "managed",
      "type": "aws_s3_object",
      "name": "private_key_object",
      "provider": "provider[\"registry.terraform.io/hashicorp/aws\"]",
      "instances": [
        {
          "schema_version": 0,
          "attributes": {
            "acl": "private",
            "arn": "arn:aws:s3:::marwa-terraform-state-bucket-e80d8f95/deployer_key.pem",
            "bucket": "marwa-terraform-state-bucket-e80d8f95",
            "bucket_key_enabled": false,
            "cache_control": "",
            "checksum_algorithm": null,
            "checksum_crc32": "",
            "checksum_crc32c": "",
            "checksum_sha1": "",
            "checksum_sha256": "",
            "content": "-----BEGIN RSA PRIVATE KEY-----\nMIIEowIBAAKCAQEA05mNUEx3Qx4/9j1HxfZXP6DvLh4P513aKoqmciT6Zxp4Qahh\n7szKlUQT5hOO9Bx4+lkXGlmfZWe1QgDvcrNR1R8vqrLXQcyk+MGoIcwFvhbmZUpO\n09kIcT7duco70mQV8Z6NDZ2fPt3LuIPXHXDgt0OsaScyJPs86/HCAHxWJPUM7W/7\nlWxypFrLUepo/mkk5TVGJG6+otAmUZq9Qx+OHAvpIy85hSZ4HojJ+6iNhWUEx9GX\nQvh3iTnI5kcz+6mcP/RCaofw9mwFXFyHu1kcIA90f45qXlIWZ6NSggagf+CNzMUt\nBNtGqChgCmsvnAAIVmHlGPFMkDST08mOV6NpqQIDAQABAoIBAE74kNf2IdCH2qFA\nz6efP4K8wmc4ywCzczfLVUFmcZnHNDh06k/gWH8K0E5e4ExU0AXG+CtaZXXIFcrT\nZIovSIw8vmJ7qoChKrS4OdKbPU1raINHD1JbPp5dMw0i396ugc4SOVxqhkNFLcHo\nWoFfXk6nUBJSkZFhvqPkL15VCSVzLYSt3TiPgCNF+6Z/kbidctMYC82J3jJmRchi\nVx1d3qOdQc/GJcD6S1YeEbb4il65NE8kIB44oIpnxn2IJT6XV/w1VHsIhGojhPnJ\n2D3LFYyTQc+u3EgouYYS63hlyd3+tyu9WYqsv3vtCjfZgWvje+tUdx0WGHBk0ji+\nVZRkRHECgYEA3wyN10R/JEzba9TF5mCoxMhFu3IURcDkEeUQoKz1rrcXl4NqorGb\nyTmguactHl/9oSJPvRU7nJ05UZ06ZP2qL13r+9XPoWVqaP4XnoP0ShXwl+Ncve29\n0ti59F5qhdgKX5iSz4B7iqhy98P60A1fIbkj8aS5PYzUPBZGBwebBuUCgYEA8twA\ngZbN4Nf7pHqbgGKKbTDCtwF2blRY80poLz2uEyrDAbj4v6eiYEP62lfpmdYP04JA\nZF/oAtHfx7pFGYbfVuhx6tPtWa5AGDcNmGMupxwKjX6ZJU6AC8Ny4Z2q1pLFnumu\nKPmbLAPDnouKqYppWMDYURItWI5eYQoB8IOlB3UCgYBgXvA5/mJgsMRtRrVq4ICK\n5W0bnCKeMMVZ5frVMWXFY15SHHnKaarBuqBzFoQsB5VyNXz2WWI0PMozNRex4tfR\nN2dqm+rl9QeQ7ZgO6Tx3dhtJxPahKUNHAlT1/IVR5xI0U5u7A+xc8IMcAhUwJ1bf\nHzskgON4cIySmZ0QFH0q8QKBgCnGMAwabZV0cWOsd10RFjCMB6JFDSMTPS20KdGe\ncXf4jgyYzajh4+tdJiQypQsCKDzAleTuHlGF2lFXuBUY/wfK+fVjuNsJPxsrNRp2\nTQsPpr0J/rvNEfd0CinG3iEEpBuepIeFz+w1RYvbAuIA3fgXS94+GzC1ZISanRTL\nADMVAoGBAKdE9xDhmEA27c14JpUsnp7Do3JhabWMgclKqbyv3soCDPMs0PUPXjiB\nsYQdgK1wdknqxEOk/shp9XiEjKQoO8yNvHOLA3sCVo4M8bpB8kg6JOfr6rjKxqao\nVzbMIT3mSrXUw2QrkYVvUru56dolDCG6QOiibZXcQM60RtvqWmPL\n-----END RSA PRIVATE KEY-----\n",
            "content_base64": null,
            "content_disposition": "",
            "content_encoding": "",
            "content_language": "",
            "content_type": "application/octet-stream",
            "etag": "79012e6c9b4048a6ac883991aeacd3aa",
            "force_destroy": false,
            "id": "deployer_key.pem",
            "key": "deployer_key.pem",
            "kms_key_id": null,
            "metadata": null,
            "object_lock_legal_hold_status": "",
            "object_lock_mode": "",
            "object_lock_retain_until_date": "",
            "override_provider": [],
            "server_side_encryption": "AES256",
            "source": null,
            "source_hash": null,
            "storage_class": "STANDARD",
            "tags": null,
            "tags_all": {},
            "version_id": "2H77OCOtto3P32eznMKEcUTMajXosP5Q",
            "website_redirect": ""
          },
          "sensitive_attributes": [
            [
              {
                "type": "get_attr",
                "value": "content"
              }
            ]
          ],
          "private": "bnVsbA==",
          "dependencies": [
            "tls_private_key.example_ssh_key"
          ]
        }
      ]
    },
    {
      "mode": "managed",
      "type": "aws_security_group",
      "name": "web_sg",
      "provider": "provider[\"registry.terraform.io/hashicorp/aws\"]",
      "instances": [
        {
          "schema_version": 1,
          "attributes": {
            "arn": "arn:aws:ec2:us-east-1:418272795427:security-group/sg-0158ce20ab561469a",
            "description": "Security group for web server and SSH access",
            "egress": [],
            "id": "sg-0158ce20ab561469a",
            "ingress": [],
            "name": "web-server-sg",
            "name_prefix": "",
            "owner_id": "418272795427",
            "revoke_rules_on_delete": false,
            "tags": null,
            "tags_all": {},
            "timeouts": null,
            "vpc_id": "vpc-006d2a1a1d005821d"
          },
          "sensitive_attributes": [],
          "private": "eyJlMmJmYjczMC1lY2FhLTExZTYtOGY4OC0zNDM2M2JjN2M0YzAiOnsiY3JlYXRlIjo2MDAwMDAwMDAwMDAsImRlbGV0ZSI6OTAwMDAwMDAwMDAwfSwic2NoZW1hX3ZlcnNpb24iOiIxIn0=",
          "dependencies": [
            "aws_vpc.tp_cloud_devops_vpc"
          ]
        }
      ]
    },
    {
      "mode": "managed",
      "type": "aws_security_group_rule",
      "name": "allow_all_outbound",
      "provider": "provider[\"registry.terraform.io/hashicorp/aws\"]",
      "instances": [
        {
          "schema_version": 2,
          "attributes": {
            "cidr_blocks": [
              "0.0.0.0/0"
            ],
            "description": null,
            "from_port": 0,
            "id": "sgrule-318020422",
            "ipv6_cidr_blocks": null,
            "prefix_list_ids": null,
            "protocol": "-1",
            "security_group_id": "sg-0158ce20ab561469a",
            "security_group_rule_id": "sgr-0ff58e8c4ecbc9fa5",
            "self": false,
            "source_security_group_id": null,
            "timeouts": null,
            "to_port": 0,
            "type": "egress"
          },
          "sensitive_attributes": [],
          "private": "eyJlMmJmYjczMC1lY2FhLTExZTYtOGY4OC0zNDM2M2JjN2M0YzAiOnsiY3JlYXRlIjozMDAwMDAwMDAwMDB9LCJzY2hlbWFfdmVyc2lvbiI6IjIifQ==",
          "dependencies": [
            "aws_security_group.web_sg",
            "aws_vpc.tp_cloud_devops_vpc"
          ]
        }
      ]
    },
    {
      "mode": "managed",
      "type": "aws_security_group_rule",
      "name": "allow_web_http_inbound",
      "provider": "provider[\"registry.terraform.io/hashicorp/aws\"]",
      "instances": [
        {
          "schema_version": 2,
          "attributes": {
            "cidr_blocks": [
              "0.0.0.0/0"
            ],
            "description": null,
            "from_port": 8080,
            "id": "sgrule-4056267557",
            "ipv6_cidr_blocks": null,
            "prefix_list_ids": null,
            "protocol": "tcp",
            "security_group_id": "sg-0158ce20ab561469a",
            "security_group_rule_id": "sgr-038780af9764ac32c",
            "self": false,
            "source_security_group_id": null,
            "timeouts": null,
            "to_port": 8080,
            "type": "ingress"
          },
          "sensitive_attributes": [],
          "private": "eyJlMmJmYjczMC1lY2FhLTExZTYtOGY4OC0zNDM2M2JjN2M0YzAiOnsiY3JlYXRlIjozMDAwMDAwMDAwMDB9LCJzY2hlbWFfdmVyc2lvbiI6IjIifQ==",
          "dependencies": [
            "aws_security_group.web_sg",
            "aws_vpc.tp_cloud_devops_vpc"
          ]
        }
      ]
    },
    {
      "mode": "managed",
      "type": "aws_security_group_rule",
      "name": "allow_web_http_inbound_80",
      "provider": "provider[\"registry.terraform.io/hashicorp/aws\"]",
      "instances": [
        {
          "schema_version": 2,
          "attributes": {
            "cidr_blocks": [
              "0.0.0.0/0"
            ],
            "description": null,
            "from_port": 80,
            "id": "sgrule-1843212922",
            "ipv6_cidr_blocks": null,
            "prefix_list_ids": null,
            "protocol": "tcp",
            "security_group_id": "sg-0158ce20ab561469a",
            "security_group_rule_id": "sgr-0191325aec53e1b24",
            "self": false,
            "source_security_group_id": null,
            "timeouts": null,
            "to_port": 80,
            "type": "ingress"
          },
          "sensitive_attributes": [],
          "private": "eyJlMmJmYjczMC1lY2FhLTExZTYtOGY4OC0zNDM2M2JjN2M0YzAiOnsiY3JlYXRlIjozMDAwMDAwMDAwMDB9LCJzY2hlbWFfdmVyc2lvbiI6IjIifQ==",
          "dependencies": [
            "aws_security_group.web_sg",
            "aws_vpc.tp_cloud_devops_vpc"
          ]
        }
      ]
    },
    {
      "mode": "managed",
      "type": "aws_security_group_rule",
      "name": "allow_web_ssh_inbound",
      "provider": "provider[\"registry.terraform.io/hashicorp/aws\"]",
      "instances": [
        {
          "schema_version": 2,
          "attributes": {
            "cidr_blocks": [
              "0.0.0.0/0"
            ],
            "description": null,
            "from_port": 22,
            "id": "sgrule-3679940559",
            "ipv6_cidr_blocks": null,
            "prefix_list_ids": null,
            "protocol": "tcp",
            "security_group_id": "sg-0158ce20ab561469a",
            "security_group_rule_id": "sgr-0badde05bc9ab8617",
            "self": false,
            "source_security_group_id": null,
            "timeouts": null,
            "to_port": 22,
            "type": "ingress"
          },
          "sensitive_attributes": [],
          "private": "eyJlMmJmYjczMC1lY2FhLTExZTYtOGY4OC0zNDM2M2JjN2M0YzAiOnsiY3JlYXRlIjozMDAwMDAwMDAwMDB9LCJzY2hlbWFfdmVyc2lvbiI6IjIifQ==",
          "dependencies": [
            "aws_security_group.web_sg",
            "aws_vpc.tp_cloud_devops_vpc"
          ]
        }
      ]
    },
    {
      "mode": "managed",
      "type": "aws_subnet",
      "name": "public_subnet_1",
      "provider": "provider[\"registry.terraform.io/hashicorp/aws\"]",
      "instances": [
        {
          "schema_version": 1,
          "attributes": {
            "arn": "arn:aws:ec2:us-east-1:418272795427:subnet/subnet-02e47e6034213a5d4",
            "assign_ipv6_address_on_creation": false,
            "availability_zone": "us-east-1a",
            "availability_zone_id": "use1-az1",
            "cidr_block": "10.0.1.0/24",
            "customer_owned_ipv4_pool": "",
            "enable_dns64": false,
            "enable_lni_at_device_index": 0,
            "enable_resource_name_dns_a_record_on_launch": false,
            "enable_resource_name_dns_aaaa_record_on_launch": false,
            "id": "subnet-02e47e6034213a5d4",
            "ipv6_cidr_block": "",
            "ipv6_cidr_block_association_id": "",
            "ipv6_native": false,
            "map_customer_owned_ip_on_launch": false,
            "map_public_ip_on_launch": true,
            "outpost_arn": "",
            "owner_id": "418272795427",
            "private_dns_hostname_type_on_launch": "ip-name",
            "tags": {
              "Name": "PublicSubnet1"
            },
            "tags_all": {
              "Name": "PublicSubnet1"
            },
            "timeouts": null,
            "vpc_id": "vpc-006d2a1a1d005821d"
          },
          "sensitive_attributes": [],
          "private": "eyJlMmJmYjczMC1lY2FhLTExZTYtOGY4OC0zNDM2M2JjN2M0YzAiOnsiY3JlYXRlIjo2MDAwMDAwMDAwMDAsImRlbGV0ZSI6MTIwMDAwMDAwMDAwMH0sInNjaGVtYV92ZXJzaW9uIjoiMSJ9",
          "dependencies": [
            "aws_vpc.tp_cloud_devops_vpc"
          ]
        }
      ]
    },
    {
      "mode": "managed",
      "type": "aws_subnet",
      "name": "public_subnet_2",
      "provider": "provider[\"registry.terraform.io/hashicorp/aws\"]",
      "instances": [
        {
          "schema_version": 1,
          "attributes": {
            "arn": "arn:aws:ec2:us-east-1:418272795427:subnet/subnet-04cecf597da7aba5a",
            "assign_ipv6_address_on_creation": false,
            "availability_zone": "us-east-1b",
            "availability_zone_id": "use1-az2",
            "cidr_block": "10.0.2.0/24",
            "customer_owned_ipv4_pool": "",
            "enable_dns64": false,
            "enable_lni_at_device_index": 0,
            "enable_resource_name_dns_a_record_on_launch": false,
            "enable_resource_name_dns_aaaa_record_on_launch": false,
            "id": "subnet-04cecf597da7aba5a",
            "ipv6_cidr_block": "",
            "ipv6_cidr_block_association_id": "",
            "ipv6_native": false,
            "map_customer_owned_ip_on_launch": false,
            "map_public_ip_on_launch": true,
            "outpost_arn": "",
            "owner_id": "418272795427",
            "private_dns_hostname_type_on_launch": "ip-name",
            "tags": {
              "Name": "PublicSubnet2"
            },
            "tags_all": {
              "Name": "PublicSubnet2"
            },
            "timeouts": null,
            "vpc_id": "vpc-006d2a1a1d005821d"
          },
          "sensitive_attributes": [],
          "private": "eyJlMmJmYjczMC1lY2FhLTExZTYtOGY4OC0zNDM2M2JjN2M0YzAiOnsiY3JlYXRlIjo2MDAwMDAwMDAwMDAsImRlbGV0ZSI6MTIwMDAwMDAwMDAwMH0sInNjaGVtYV92ZXJzaW9uIjoiMSJ9",
          "dependencies": [
            "aws_vpc.tp_cloud_devops_vpc"
          ]
        }
      ]
    },
    {
      "mode": "managed",
      "type": "aws_vpc",
      "name": "tp_cloud_devops_vpc",
      "provider": "provider[\"registry.terraform.io/hashicorp/aws\"]",
      "instances": [
        {
          "schema_version": 1,
          "attributes": {
            "arn": "arn:aws:ec2:us-east-1:418272795427:vpc/vpc-006d2a1a1d005821d",
            "assign_generated_ipv6_cidr_block": false,
            "cidr_block": "10.0.0.0/16",
            "default_network_acl_id": "acl-01e770e9834190547",
            "default_route_table_id": "rtb-09e0f98ea6ceeab58",
            "default_security_group_id": "sg-051ab796e85fdb81b",
            "dhcp_options_id": "dopt-0c5d7d4125654a76e",
            "enable_dns_hostnames": true,
            "enable_dns_support": true,
            "enable_network_address_usage_metrics": false,
            "id": "vpc-006d2a1a1d005821d",
            "instance_tenancy": "default",
            "ipv4_ipam_pool_id": null,
            "ipv4_netmask_length": null,
            "ipv6_association_id": "",
            "ipv6_cidr_block": "",
            "ipv6_cidr_block_network_border_group": "",
            "ipv6_ipam_pool_id": "",
            "ipv6_netmask_length": 0,
            "main_route_table_id": "rtb-09e0f98ea6ceeab58",
            "owner_id": "418272795427",
            "tags": {
              "Name": "tp_cloud_devops_vpc"
            },
            "tags_all": {
              "Name": "tp_cloud_devops_vpc"
            }
          },
          "sensitive_attributes": [],
          "private": "eyJzY2hlbWFfdmVyc2lvbiI6IjEifQ=="
        }
      ]
    },
    {
      "mode": "managed",
      "type": "tls_private_key",
      "name": "example_ssh_key",
      "provider": "provider[\"registry.terraform.io/hashicorp/tls\"]",
      "instances": [
        {
          "schema_version": 1,
          "attributes": {
            "algorithm": "RSA",
            "ecdsa_curve": "P224",
            "id": "1f19945ff8d6ae259a6dee76f0629e36e4704dfd",
            "private_key_openssh": "-----BEGIN OPENSSH PRIVATE KEY-----\nb3BlbnNzaC1rZXktdjEAAAAABG5vbmUAAAAEbm9uZQAAAAAAAAABAAABFwAAAAdz\nc2gtcnNhAAAAAwEAAQAAAQEA05mNUEx3Qx4/9j1HxfZXP6DvLh4P513aKoqmciT6\nZxp4Qahh7szKlUQT5hOO9Bx4+lkXGlmfZWe1QgDvcrNR1R8vqrLXQcyk+MGoIcwF\nvhbmZUpO09kIcT7duco70mQV8Z6NDZ2fPt3LuIPXHXDgt0OsaScyJPs86/HCAHxW\nJPUM7W/7lWxypFrLUepo/mkk5TVGJG6+otAmUZq9Qx+OHAvpIy85hSZ4HojJ+6iN\nhWUEx9GXQvh3iTnI5kcz+6mcP/RCaofw9mwFXFyHu1kcIA90f45qXlIWZ6NSggag\nf+CNzMUtBNtGqChgCmsvnAAIVmHlGPFMkDST08mOV6NpqQAAA7hUwLYtVMC2LQAA\nAAdzc2gtcnNhAAABAQDTmY1QTHdDHj/2PUfF9lc/oO8uHg/nXdoqiqZyJPpnGnhB\nqGHuzMqVRBPmE470HHj6WRcaWZ9lZ7VCAO9ys1HVHy+qstdBzKT4waghzAW+FuZl\nSk7T2QhxPt25yjvSZBXxno0NnZ8+3cu4g9cdcOC3Q6xpJzIk+zzr8cIAfFYk9Qzt\nb/uVbHKkWstR6mj+aSTlNUYkbr6i0CZRmr1DH44cC+kjLzmFJngeiMn7qI2FZQTH\n0ZdC+HeJOcjmRzP7qZw/9EJqh/D2bAVcXIe7WRwgD3R/jmpeUhZno1KCBqB/4I3M\nxS0E20aoKGAKay+cAAhWYeUY8UyQNJPTyY5Xo2mpAAAAAwEAAQAAAQBO+JDX9iHQ\nh9qhQM+nnz+CvMJnOMsAs3M3y1VBZnGZxzQ4dOpP4Fh/CtBOXuBMVNAFxvgrWmV1\nyBXK02SKL0iMPL5ie6qAoSq0uDnSmz1Na2iDRw9SWz6eXTMNIt/eroHOEjlcaoZD\nRS3B6FqBX15Op1ASUpGRYb6j5C9eVQklcy2Erd04j4AjRfumf5G4nXLTGAvNid4y\nZkXIYlcdXd6jnUHPxiXA+ktWHhG2+IpeuTRPJCAeOKCKZ8Z9iCU+l1f8NVR7CIRq\nI4T5ydg9yxWMk0HPrtxIKLmGEut4Zcnd/rcrvVmKrL977Qo32YFr43vrVHcdFhhw\nZNI4vlWUZERxAAAAgQCnRPcQ4ZhANu3NeCaVLJ6ew6NyYWm1jIHJSqm8r97KAgzz\nLND1D144gbGEHYCtcHZJ6sRDpP7IafV4hIykKDvMjbxziwN7AlaODPG6QfJIOiTn\n6+q4ysamqFc2zCE95kq11MNkK5GFb1K7uenaJQwhukDoom2V3EDOtEbb6lpjywAA\nAIEA3wyN10R/JEzba9TF5mCoxMhFu3IURcDkEeUQoKz1rrcXl4NqorGbyTmguact\nHl/9oSJPvRU7nJ05UZ06ZP2qL13r+9XPoWVqaP4XnoP0ShXwl+Ncve290ti59F5q\nhdgKX5iSz4B7iqhy98P60A1fIbkj8aS5PYzUPBZGBwebBuUAAACBAPLcAIGWzeDX\n+6R6m4Biim0wwrcBdm5UWPNKaC89rhMqwwG4+L+nomBD+tpX6ZnWD9OCQGRf6ALR\n38e6RRmG31bocerT7VmuQBg3DZhjLqccCo1+mSVOgAvDcuGdqtaSxZ7prij5mywD\nw56LiqmKaVjA2FESLViOXmEKAfCDpQd1AAAAAAEC\n-----END OPENSSH PRIVATE KEY-----\n",
            "private_key_pem": "-----BEGIN RSA PRIVATE KEY-----\nMIIEowIBAAKCAQEA05mNUEx3Qx4/9j1HxfZXP6DvLh4P513aKoqmciT6Zxp4Qahh\n7szKlUQT5hOO9Bx4+lkXGlmfZWe1QgDvcrNR1R8vqrLXQcyk+MGoIcwFvhbmZUpO\n09kIcT7duco70mQV8Z6NDZ2fPt3LuIPXHXDgt0OsaScyJPs86/HCAHxWJPUM7W/7\nlWxypFrLUepo/mkk5TVGJG6+otAmUZq9Qx+OHAvpIy85hSZ4HojJ+6iNhWUEx9GX\nQvh3iTnI5kcz+6mcP/RCaofw9mwFXFyHu1kcIA90f45qXlIWZ6NSggagf+CNzMUt\nBNtGqChgCmsvnAAIVmHlGPFMkDST08mOV6NpqQIDAQABAoIBAE74kNf2IdCH2qFA\nz6efP4K8wmc4ywCzczfLVUFmcZnHNDh06k/gWH8K0E5e4ExU0AXG+CtaZXXIFcrT\nZIovSIw8vmJ7qoChKrS4OdKbPU1raINHD1JbPp5dMw0i396ugc4SOVxqhkNFLcHo\nWoFfXk6nUBJSkZFhvqPkL15VCSVzLYSt3TiPgCNF+6Z/kbidctMYC82J3jJmRchi\nVx1d3qOdQc/GJcD6S1YeEbb4il65NE8kIB44oIpnxn2IJT6XV/w1VHsIhGojhPnJ\n2D3LFYyTQc+u3EgouYYS63hlyd3+tyu9WYqsv3vtCjfZgWvje+tUdx0WGHBk0ji+\nVZRkRHECgYEA3wyN10R/JEzba9TF5mCoxMhFu3IURcDkEeUQoKz1rrcXl4NqorGb\nyTmguactHl/9oSJPvRU7nJ05UZ06ZP2qL13r+9XPoWVqaP4XnoP0ShXwl+Ncve29\n0ti59F5qhdgKX5iSz4B7iqhy98P60A1fIbkj8aS5PYzUPBZGBwebBuUCgYEA8twA\ngZbN4Nf7pHqbgGKKbTDCtwF2blRY80poLz2uEyrDAbj4v6eiYEP62lfpmdYP04JA\nZF/oAtHfx7pFGYbfVuhx6tPtWa5AGDcNmGMupxwKjX6ZJU6AC8Ny4Z2q1pLFnumu\nKPmbLAPDnouKqYppWMDYURItWI5eYQoB8IOlB3UCgYBgXvA5/mJgsMRtRrVq4ICK\n5W0bnCKeMMVZ5frVMWXFY15SHHnKaarBuqBzFoQsB5VyNXz2WWI0PMozNRex4tfR\nN2dqm+rl9QeQ7ZgO6Tx3dhtJxPahKUNHAlT1/IVR5xI0U5u7A+xc8IMcAhUwJ1bf\nHzskgON4cIySmZ0QFH0q8QKBgCnGMAwabZV0cWOsd10RFjCMB6JFDSMTPS20KdGe\ncXf4jgyYzajh4+tdJiQypQsCKDzAleTuHlGF2lFXuBUY/wfK+fVjuNsJPxsrNRp2\nTQsPpr0J/rvNEfd0CinG3iEEpBuepIeFz+w1RYvbAuIA3fgXS94+GzC1ZISanRTL\nADMVAoGBAKdE9xDhmEA27c14JpUsnp7Do3JhabWMgclKqbyv3soCDPMs0PUPXjiB\nsYQdgK1wdknqxEOk/shp9XiEjKQoO8yNvHOLA3sCVo4M8bpB8kg6JOfr6rjKxqao\nVzbMIT3mSrXUw2QrkYVvUru56dolDCG6QOiibZXcQM60RtvqWmPL\n-----END RSA PRIVATE KEY-----\n",
            "private_key_pem_pkcs8": "-----BEGIN PRIVATE KEY-----\nMIIEvQIBADANBgkqhkiG9w0BAQEFAASCBKcwggSjAgEAAoIBAQDTmY1QTHdDHj/2\nPUfF9lc/oO8uHg/nXdoqiqZyJPpnGnhBqGHuzMqVRBPmE470HHj6WRcaWZ9lZ7VC\nAO9ys1HVHy+qstdBzKT4waghzAW+FuZlSk7T2QhxPt25yjvSZBXxno0NnZ8+3cu4\ng9cdcOC3Q6xpJzIk+zzr8cIAfFYk9Qztb/uVbHKkWstR6mj+aSTlNUYkbr6i0CZR\nmr1DH44cC+kjLzmFJngeiMn7qI2FZQTH0ZdC+HeJOcjmRzP7qZw/9EJqh/D2bAVc\nXIe7WRwgD3R/jmpeUhZno1KCBqB/4I3MxS0E20aoKGAKay+cAAhWYeUY8UyQNJPT\nyY5Xo2mpAgMBAAECggEATviQ1/Yh0IfaoUDPp58/grzCZzjLALNzN8tVQWZxmcc0\nOHTqT+BYfwrQTl7gTFTQBcb4K1pldcgVytNkii9IjDy+YnuqgKEqtLg50ps9TWto\ng0cPUls+nl0zDSLf3q6BzhI5XGqGQ0UtwehagV9eTqdQElKRkWG+o+QvXlUJJXMt\nhK3dOI+AI0X7pn+RuJ1y0xgLzYneMmZFyGJXHV3eo51Bz8YlwPpLVh4RtviKXrk0\nTyQgHjigimfGfYglPpdX/DVUewiEaiOE+cnYPcsVjJNBz67cSCi5hhLreGXJ3f63\nK71Ziqy/e+0KN9mBa+N761R3HRYYcGTSOL5VlGREcQKBgQDfDI3XRH8kTNtr1MXm\nYKjEyEW7chRFwOQR5RCgrPWutxeXg2qisZvJOaC5py0eX/2hIk+9FTucnTlRnTpk\n/aovXev71c+hZWpo/heeg/RKFfCX41y97b3S2Ln0XmqF2ApfmJLPgHuKqHL3w/rQ\nDV8huSPxpLk9jNQ8FkYHB5sG5QKBgQDy3ACBls3g1/ukepuAYoptMMK3AXZuVFjz\nSmgvPa4TKsMBuPi/p6JgQ/raV+mZ1g/TgkBkX+gC0d/HukUZht9W6HHq0+1ZrkAY\nNw2YYy6nHAqNfpklToALw3LhnarWksWe6a4o+ZssA8Oei4qpimlYwNhREi1Yjl5h\nCgHwg6UHdQKBgGBe8Dn+YmCwxG1GtWrggIrlbRucIp4wxVnl+tUxZcVjXlIcecpp\nqsG6oHMWhCwHlXI1fPZZYjQ8yjM1F7Hi19E3Z2qb6uX1B5DtmA7pPHd2G0nE9qEp\nQ0cCVPX8hVHnEjRTm7sD7FzwgxwCFTAnVt8fOySA43hwjJKZnRAUfSrxAoGAKcYw\nDBptlXRxY6x3XREWMIwHokUNIxM9LbQp0Z5xd/iODJjNqOHj610mJDKlCwIoPMCV\n5O4eUYXaUVe4FRj/B8r59WO42wk/Gys1GnZNCw+mvQn+u80R93QKKcbeIQSkG56k\nh4XP7DVFi9sC4gDd+BdL3j4bMLVkhJqdFMsAMxUCgYEAp0T3EOGYQDbtzXgmlSye\nnsOjcmFptYyByUqpvK/eygIM8yzQ9Q9eOIGxhB2ArXB2SerEQ6T+yGn1eISMpCg7\nzI28c4sDewJWjgzxukHySDok5+vquMrGpqhXNswhPeZKtdTDZCuRhW9Su7np2iUM\nIbpA6KJtldxAzrRG2+paY8s=\n-----END PRIVATE KEY-----\n",
            "public_key_fingerprint_md5": "db:69:44:16:72:43:d2:52:2e:a4:88:f2:3f:a5:26:9b",
            "public_key_fingerprint_sha256": "SHA256:4Le0cG2yC3sWEdiG3kmpOEWoYQjPgF6HYrQnmnN02hY",
            "public_key_openssh": "ssh-rsa AAAAB3NzaC1yc2EAAAADAQABAAABAQDTmY1QTHdDHj/2PUfF9lc/oO8uHg/nXdoqiqZyJPpnGnhBqGHuzMqVRBPmE470HHj6WRcaWZ9lZ7VCAO9ys1HVHy+qstdBzKT4waghzAW+FuZlSk7T2QhxPt25yjvSZBXxno0NnZ8+3cu4g9cdcOC3Q6xpJzIk+zzr8cIAfFYk9Qztb/uVbHKkWstR6mj+aSTlNUYkbr6i0CZRmr1DH44cC+kjLzmFJngeiMn7qI2FZQTH0ZdC+HeJOcjmRzP7qZw/9EJqh/D2bAVcXIe7WRwgD3R/jmpeUhZno1KCBqB/4I3MxS0E20aoKGAKay+cAAhWYeUY8UyQNJPTyY5Xo2mp\n",
            "public_key_pem": "-----BEGIN PUBLIC KEY-----\nMIIBIjANBgkqhkiG9w0BAQEFAAOCAQ8AMIIBCgKCAQEA05mNUEx3Qx4/9j1HxfZX\nP6DvLh4P513aKoqmciT6Zxp4Qahh7szKlUQT5hOO9Bx4+lkXGlmfZWe1QgDvcrNR\n1R8vqrLXQcyk+MGoIcwFvhbmZUpO09kIcT7duco70mQV8Z6NDZ2fPt3LuIPXHXDg\nt0OsaScyJPs86/HCAHxWJPUM7W/7lWxypFrLUepo/mkk5TVGJG6+otAmUZq9Qx+O\nHAvpIy85hSZ4HojJ+6iNhWUEx9GXQvh3iTnI5kcz+6mcP/RCaofw9mwFXFyHu1kc\nIA90f45qXlIWZ6NSggagf+CNzMUtBNtGqChgCmsvnAAIVmHlGPFMkDST08mOV6Np\nqQIDAQAB\n-----END PUBLIC KEY-----\n",
            "rsa_bits": 2048
          },
          "sensitive_attributes": [
            [
              {
                "type": "get_attr",
                "value": "private_key_pem_pkcs8"
              }
            ],
            [
              {
                "type": "get_attr",
                "value": "private_key_openssh"
              }
            ],
            [
              {
                "type": "get_attr",
                "value": "private_key_pem"
              }
            ]
          ]
        }
      ]
    }
  ],
  "check_results": null
}
